
Microsoft Visual Studio Solution File, Format Version 12.00
# Visual Studio Version 17
VisualStudioVersion = 17.9.34728.123
MinimumVisualStudioVersion = 10.0.40219.1
Project("{FAE04EC0-301F-11D3-BF4B-00C04F79EFBC}") = "MauiApp3", "MauiApp3\MauiApp3.csproj", "{069379CD-D92F-4C38-907C-D7A1D20097A2}"
EndProject
Global
	GlobalSection(SolutionConfigurationPlatforms) = preSolution
		Debug|Any CPU = Debug|Any CPU
		Release|Any CPU = Release|Any CPU
	EndGlobalSection
	GlobalSection(ProjectConfigurationPlatforms) = postSolution
		{069379CD-D92F-4C38-907C-D7A1D20097A2}.Debug|Any CPU.ActiveCfg = Debug|Any CPU
		{069379CD-D92F-4C38-907C-D7A1D20097A2}.Debug|Any CPU.Build.0 = Debug|Any CPU
		{069379CD-D92F-4C38-907C-D7A1D20097A2}.Debug|Any CPU.Deploy.0 = Debug|Any CPU
		{069379CD-D92F-4C38-907C-D7A1D20097A2}.Release|Any CPU.ActiveCfg = Release|Any CPU
		{069379CD-D92F-4C38-907C-D7A1D20097A2}.Release|Any CPU.Build.0 = Release|Any CPU
		{069379CD-D92F-4C38-907C-D7A1D20097A2}.Release|Any CPU.Deploy.0 = Release|Any CPU
	EndGlobalSection
	GlobalSection(SolutionProperties) = preSolution
		HideSolutionNode = FALSE
	EndGlobalSection
	GlobalSection(ExtensibilityGlobals) = postSolution
		SolutionGuid = {4E75592A-2C98-47B0-9376-3145AFC05280}
	EndGlobalSection
EndGlobal
